
Microsoft Visual Studio Solution File, Format Version 12.00
# Visual Studio Version 17
VisualStudioVersion = 17.13.35825.156 d17.13
MinimumVisualStudioVersion = 10.0.40219.1
Project("{FAE04EC0-301F-11D3-BF4B-00C04F79EFBC}") = "CV-backend", "CV-backend\CV-backend.csproj", "{C827B84D-F55C-41F7-9BF3-06C69A0060FC}"
EndProject
Global
	GlobalSection(SolutionConfigurationPlatforms) = preSolution
		Debug|Any CPU = Debug|Any CPU
		Release|Any CPU = Release|Any CPU
	EndGlobalSection
	GlobalSection(ProjectConfigurationPlatforms) = postSolution
		{C827B84D-F55C-41F7-9BF3-06C69A0060FC}.Debug|Any CPU.ActiveCfg = Debug|Any CPU
		{C827B84D-F55C-41F7-9BF3-06C69A0060FC}.Debug|Any CPU.Build.0 = Debug|Any CPU
		{C827B84D-F55C-41F7-9BF3-06C69A0060FC}.Release|Any CPU.ActiveCfg = Release|Any CPU
		{C827B84D-F55C-41F7-9BF3-06C69A0060FC}.Release|Any CPU.Build.0 = Release|Any CPU
	EndGlobalSection
	GlobalSection(SolutionProperties) = preSolution
		HideSolutionNode = FALSE
	EndGlobalSection
	GlobalSection(ExtensibilityGlobals) = postSolution
		SolutionGuid = {EF621CCA-9055-4275-8C44-91D975C37FFC}
	EndGlobalSection
EndGlobal
